
Microsoft Visual Studio Solution File, Format Version 12.00
# Visual Studio Version 17
VisualStudioVersion = 17.6.33712.159
MinimumVisualStudioVersion = 10.0.40219.1
Project("{FAE04EC0-301F-11D3-BF4B-00C04F79EFBC}") = "MessageProviderUnitTest", "MessageProviderUnitTest\MessageProviderUnitTest.csproj", "{38199492-FD18-44EE-8655-0FD2F26D6D07}"
EndProject
Global
	GlobalSection(SolutionConfigurationPlatforms) = preSolution
		Debug|Any CPU = Debug|Any CPU
		Release|Any CPU = Release|Any CPU
	EndGlobalSection
	GlobalSection(ProjectConfigurationPlatforms) = postSolution
		{38199492-FD18-44EE-8655-0FD2F26D6D07}.Debug|Any CPU.ActiveCfg = Debug|Any CPU
		{38199492-FD18-44EE-8655-0FD2F26D6D07}.Debug|Any CPU.Build.0 = Debug|Any CPU
		{38199492-FD18-44EE-8655-0FD2F26D6D07}.Release|Any CPU.ActiveCfg = Release|Any CPU
		{38199492-FD18-44EE-8655-0FD2F26D6D07}.Release|Any CPU.Build.0 = Release|Any CPU
	EndGlobalSection
	GlobalSection(SolutionProperties) = preSolution
		HideSolutionNode = FALSE
	EndGlobalSection
	GlobalSection(ExtensibilityGlobals) = postSolution
		SolutionGuid = {B92ED07B-BC2C-478D-A67F-92F83F9EFE96}
	EndGlobalSection
EndGlobal
